// !$*UTF8*$!
{
	archiveVersion = 1;
	classes = {
	};
	objectVersion = 50;
	objects = {

/* Begin PBXBuildFile section */
		6E0EEE5021FE7E39002ED1EE /* MovieTrailerViewController.swift in Sources */ = {isa = PBXBuildFile; fileRef = 6E0EEE4F21FE7E39002ED1EE /* MovieTrailerViewController.swift */; };
		6E4D20F421ED545700EC9558 /* FlixAPIManager.swift in Sources */ = {isa = PBXBuildFile; fileRef = 6E4D20F321ED545700EC9558 /* FlixAPIManager.swift */; };
		6E4D20F621ED5AE100EC9558 /* MovieTableViewController.swift in Sources */ = {isa = PBXBuildFile; fileRef = 6E4D20F521ED5AE100EC9558 /* MovieTableViewController.swift */; };
		6E4D20F821ED5AED00EC9558 /* MovieTableViewCell.swift in Sources */ = {isa = PBXBuildFile; fileRef = 6E4D20F721ED5AED00EC9558 /* MovieTableViewCell.swift */; };
		6E4D20FA21ED5B0600EC9558 /* MovieDetailViewController.swift in Sources */ = {isa = PBXBuildFile; fileRef = 6E4D20F921ED5B0600EC9558 /* MovieDetailViewController.swift */; };
		6E4D20FC21ED777500EC9558 /* Movie.swift in Sources */ = {isa = PBXBuildFile; fileRef = 6E4D20FB21ED777500EC9558 /* Movie.swift */; };
		6E68A6BE21FBAF320048D570 /* MovieCollectionViewController.swift in Sources */ = {isa = PBXBuildFile; fileRef = 6E68A6BD21FBAF320048D570 /* MovieCollectionViewController.swift */; };
		6E68A6C021FBAF530048D570 /* MovieCollectionViewCell.swift in Sources */ = {isa = PBXBuildFile; fileRef = 6E68A6BF21FBAF530048D570 /* MovieCollectionViewCell.swift */; };
		6EC657A021ED4F80003BF9DC /* AppDelegate.swift in Sources */ = {isa = PBXBuildFile; fileRef = 6EC6579F21ED4F80003BF9DC /* AppDelegate.swift */; };
		6EC657A521ED4F80003BF9DC /* Main.storyboard in Resources */ = {isa = PBXBuildFile; fileRef = 6EC657A321ED4F80003BF9DC /* Main.storyboard */; };
		6EC657A721ED4F82003BF9DC /* Assets.xcassets in Resources */ = {isa = PBXBuildFile; fileRef = 6EC657A621ED4F82003BF9DC /* Assets.xcassets */; };
		6EC657AA21ED4F82003BF9DC /* LaunchScreen.storyboard in Resources */ = {isa = PBXBuildFile; fileRef = 6EC657A821ED4F82003BF9DC /* LaunchScreen.storyboard */; };
		6EC657B521ED4F82003BF9DC /* FlixTests.swift in Sources */ = {isa = PBXBuildFile; fileRef = 6EC657B421ED4F82003BF9DC /* FlixTests.swift */; };
		6EC657C021ED4F82003BF9DC /* FlixUITests.swift in Sources */ = {isa = PBXBuildFile; fileRef = 6EC657BF21ED4F82003BF9DC /* FlixUITests.swift */; };
		E92E9E20BF16418EE88BC79E /* libPods-Flix.a in Frameworks */ = {isa = PBXBuildFile; fileRef = 697241E88551961E18DB5801 /* libPods-Flix.a */; };
/* End PBXBuildFile section */

/* Begin PBXContainerItemProxy section */
		6EC657B121ED4F82003BF9DC /* PBXContainerItemProxy */ = {
			isa = PBXContainerItemProxy;
			containerPortal = 6EC6579421ED4F80003BF9DC /* Project object */;
			proxyType = 1;
			remoteGlobalIDString = 6EC6579B21ED4F80003BF9DC;
			remoteInfo = Flix;
		};
		6EC657BC21ED4F82003BF9DC /* PBXContainerItemProxy */ = {
			isa = PBXContainerItemProxy;
			containerPortal = 6EC6579421ED4F80003BF9DC /* Project object */;
			proxyType = 1;
			remoteGlobalIDString = 6EC6579B21ED4F80003BF9DC;
			remoteInfo = Flix;
		};
/* End PBXContainerItemProxy section */

/* Begin PBXFileReference section */
		0B5EF92B2FCD1E43C02F1A06 /* Pods-Flix.debug.xcconfig */ = {isa = PBXFileReference; includeInIndex = 1; lastKnownFileType = text.xcconfig; name = "Pods-Flix.debug.xcconfig"; path = "Pods/Target Support Files/Pods-Flix/Pods-Flix.debug.xcconfig"; sourceTree = "<group>"; };
		697241E88551961E18DB5801 /* libPods-Flix.a */ = {isa = PBXFileReference; explicitFileType = archive.ar; includeInIndex = 0; path = "libPods-Flix.a"; sourceTree = BUILT_PRODUCTS_DIR; };
		6E0EEE4F21FE7E39002ED1EE /* MovieTrailerViewController.swift */ = {isa = PBXFileReference; lastKnownFileType = sourcecode.swift; path = MovieTrailerViewController.swift; sourceTree = "<group>"; };
		6E4D20F321ED545700EC9558 /* FlixAPIManager.swift */ = {isa = PBXFileReference; lastKnownFileType = sourcecode.swift; path = FlixAPIManager.swift; sourceTree = "<group>"; };
		6E4D20F521ED5AE100EC9558 /* MovieTableViewController.swift */ = {isa = PBXFileReference; lastKnownFileType = sourcecode.swift; path = MovieTableViewController.swift; sourceTree = "<group>"; };
		6E4D20F721ED5AED00EC9558 /* MovieTableViewCell.swift */ = {isa = PBXFileReference; lastKnownFileType = sourcecode.swift; path = MovieTableViewCell.swift; sourceTree = "<group>"; };
		6E4D20F921ED5B0600EC9558 /* MovieDetailViewController.swift */ = {isa = PBXFileReference; lastKnownFileType = sourcecode.swift; path = MovieDetailViewController.swift; sourceTree = "<group>"; };
		6E4D20FB21ED777500EC9558 /* Movie.swift */ = {isa = PBXFileReference; lastKnownFileType = sourcecode.swift; path = Movie.swift; sourceTree = "<group>"; };
		6E68A6BD21FBAF320048D570 /* MovieCollectionViewController.swift */ = {isa = PBXFileReference; lastKnownFileType = sourcecode.swift; path = MovieCollectionViewController.swift; sourceTree = "<group>"; };
		6E68A6BF21FBAF530048D570 /* MovieCollectionViewCell.swift */ = {isa = PBXFileReference; lastKnownFileType = sourcecode.swift; path = MovieCollectionViewCell.swift; sourceTree = "<group>"; };
		6EC6579C21ED4F80003BF9DC /* Flix.app */ = {isa = PBXFileReference; explicitFileType = wrapper.application; includeInIndex = 0; path = Flix.app; sourceTree = BUILT_PRODUCTS_DIR; };
		6EC6579F21ED4F80003BF9DC /* AppDelegate.swift */ = {isa = PBXFileReference; lastKnownFileType = sourcecode.swift; path = AppDelegate.swift; sourceTree = "<group>"; };
		6EC657A421ED4F80003BF9DC /* Base */ = {isa = PBXFileReference; lastKnownFileType = file.storyboard; name = Base; path = Base.lproj/Main.storyboard; sourceTree = "<group>"; };
		6EC657A621ED4F82003BF9DC /* Assets.xcassets */ = {isa = PBXFileReference; lastKnownFileType = folder.assetcatalog; path = Assets.xcassets; sourceTree = "<group>"; };
		6EC657A921ED4F82003BF9DC /* Base */ = {isa = PBXFileReference; lastKnownFileType = file.storyboard; name = Base; path = Base.lproj/LaunchScreen.storyboard; sourceTree = "<group>"; };
		6EC657AB21ED4F82003BF9DC /* Info.plist */ = {isa = PBXFileReference; lastKnownFileType = text.plist.xml; path = Info.plist; sourceTree = "<group>"; };
		6EC657B021ED4F82003BF9DC /* FlixTests.xctest */ = {isa = PBXFileReference; explicitFileType = wrapper.cfbundle; includeInIndex = 0; path = FlixTests.xctest; sourceTree = BUILT_PRODUCTS_DIR; };
		6EC657B421ED4F82003BF9DC /* FlixTests.swift */ = {isa = PBXFileReference; lastKnownFileType = sourcecode.swift; path = FlixTests.swift; sourceTree = "<group>"; };
		6EC657B621ED4F82003BF9DC /* Info.plist */ = {isa = PBXFileReference; lastKnownFileType = text.plist.xml; path = Info.plist; sourceTree = "<group>"; };
		6EC657BB21ED4F82003BF9DC /* FlixUITests.xctest */ = {isa = PBXFileReference; explicitFileType = wrapper.cfbundle; includeInIndex = 0; path = FlixUITests.xctest; sourceTree = BUILT_PRODUCTS_DIR; };
		6EC657BF21ED4F82003BF9DC /* FlixUITests.swift */ = {isa = PBXFileReference; lastKnownFileType = sourcecode.swift; path = FlixUITests.swift; sourceTree = "<group>"; };
		6EC657C121ED4F82003BF9DC /* Info.plist */ = {isa = PBXFileReference; lastKnownFileType = text.plist.xml; path = Info.plist; sourceTree = "<group>"; };
		E6B0497D8D1EAE39EB97C0E2 /* Pods-Flix.release.xcconfig */ = {isa = PBXFileReference; includeInIndex = 1; lastKnownFileType = text.xcconfig; name = "Pods-Flix.release.xcconfig"; path = "Pods/Target Support Files/Pods-Flix/Pods-Flix.release.xcconfig"; sourceTree = "<group>"; };
/* End PBXFileReference section */

/* Begin PBXFrameworksBuildPhase section */
		6EC6579921ED4F80003BF9DC /* Frameworks */ = {
			isa = PBXFrameworksBuildPhase;
			buildActionMask = 2147483647;
			files = (
				E92E9E20BF16418EE88BC79E /* libPods-Flix.a in Frameworks */,
			);
			runOnlyForDeploymentPostprocessing = 0;
		};
		6EC657AD21ED4F82003BF9DC /* Frameworks */ = {
			isa = PBXFrameworksBuildPhase;
			buildActionMask = 2147483647;
			files = (
			);
			runOnlyForDeploymentPostprocessing = 0;
		};
		6EC657B821ED4F82003BF9DC /* Frameworks */ = {
			isa = PBXFrameworksBuildPhase;
			buildActionMask = 2147483647;
			files = (
			);
			runOnlyForDeploymentPostprocessing = 0;
		};
/* End PBXFrameworksBuildPhase section */

/* Begin PBXGroup section */
		64DCEA498F007E237BED959D /* Frameworks */ = {
			isa = PBXGroup;
			children = (
				697241E88551961E18DB5801 /* libPods-Flix.a */,
			);
			name = Frameworks;
			sourceTree = "<group>";
		};
		6EC6579321ED4F80003BF9DC = {
			isa = PBXGroup;
			children = (
				6EC6579E21ED4F80003BF9DC /* Flix */,
				6EC657B321ED4F82003BF9DC /* FlixTests */,
				6EC657BE21ED4F82003BF9DC /* FlixUITests */,
				6EC6579D21ED4F80003BF9DC /* Products */,
				97FC2E68B34854224E618CE5 /* Pods */,
				64DCEA498F007E237BED959D /* Frameworks */,
			);
			sourceTree = "<group>";
		};
		6EC6579D21ED4F80003BF9DC /* Products */ = {
			isa = PBXGroup;
			children = (
				6EC6579C21ED4F80003BF9DC /* Flix.app */,
				6EC657B021ED4F82003BF9DC /* FlixTests.xctest */,
				6EC657BB21ED4F82003BF9DC /* FlixUITests.xctest */,
			);
			name = Products;
			sourceTree = "<group>";
		};
		6EC6579E21ED4F80003BF9DC /* Flix */ = {
			isa = PBXGroup;
			children = (
				6EC6579F21ED4F80003BF9DC /* AppDelegate.swift */,
				6EC657A321ED4F80003BF9DC /* Main.storyboard */,
				6E0EEE4F21FE7E39002ED1EE /* MovieTrailerViewController.swift */,
				6E4D20F521ED5AE100EC9558 /* MovieTableViewController.swift */,
				6E4D20F721ED5AED00EC9558 /* MovieTableViewCell.swift */,
				6E68A6BD21FBAF320048D570 /* MovieCollectionViewController.swift */,
				6E68A6BF21FBAF530048D570 /* MovieCollectionViewCell.swift */,
				6E4D20F921ED5B0600EC9558 /* MovieDetailViewController.swift */,
				6E4D20FB21ED777500EC9558 /* Movie.swift */,
				6E4D20F321ED545700EC9558 /* FlixAPIManager.swift */,
				6EC657A621ED4F82003BF9DC /* Assets.xcassets */,
				6EC657A821ED4F82003BF9DC /* LaunchScreen.storyboard */,
				6EC657AB21ED4F82003BF9DC /* Info.plist */,
			);
			path = Flix;
			sourceTree = "<group>";
		};
		6EC657B321ED4F82003BF9DC /* FlixTests */ = {
			isa = PBXGroup;
			children = (
				6EC657B421ED4F82003BF9DC /* FlixTests.swift */,
				6EC657B621ED4F82003BF9DC /* Info.plist */,
			);
			path = FlixTests;
			sourceTree = "<group>";
		};
		6EC657BE21ED4F82003BF9DC /* FlixUITests */ = {
			isa = PBXGroup;
			children = (
				6EC657BF21ED4F82003BF9DC /* FlixUITests.swift */,
				6EC657C121ED4F82003BF9DC /* Info.plist */,
			);
			path = FlixUITests;
			sourceTree = "<group>";
		};
		97FC2E68B34854224E618CE5 /* Pods */ = {
			isa = PBXGroup;
			children = (
				0B5EF92B2FCD1E43C02F1A06 /* Pods-Flix.debug.xcconfig */,
				E6B0497D8D1EAE39EB97C0E2 /* Pods-Flix.release.xcconfig */,
			);
			name = Pods;
			sourceTree = "<group>";
		};
/* End PBXGroup section */

/* Begin PBXNativeTarget section */
		6EC6579B21ED4F80003BF9DC /* Flix */ = {
			isa = PBXNativeTarget;
			buildConfigurationList = 6EC657C421ED4F82003BF9DC /* Build configuration list for PBXNativeTarget "Flix" */;
			buildPhases = (
				8895084C78B78EE048B1EB36 /* [CP] Check Pods Manifest.lock */,
				6EC6579821ED4F80003BF9DC /* Sources */,
				6EC6579921ED4F80003BF9DC /* Frameworks */,
				6EC6579A21ED4F80003BF9DC /* Resources */,
				6E4D20F221ED532900EC9558 /* ShellScript */,
			);
			buildRules = (
			);
			dependencies = (
			);
			name = Flix;
			productName = Flix;
			productReference = 6EC6579C21ED4F80003BF9DC /* Flix.app */;
			productType = "com.apple.product-type.application";
		};
		6EC657AF21ED4F82003BF9DC /* FlixTests */ = {
			isa = PBXNativeTarget;
			buildConfigurationList = 6EC657C721ED4F82003BF9DC /* Build configuration list for PBXNativeTarget "FlixTests" */;
			buildPhases = (
				6EC657AC21ED4F82003BF9DC /* Sources */,
				6EC657AD21ED4F82003BF9DC /* Frameworks */,
				6EC657AE21ED4F82003BF9DC /* Resources */,
			);
			buildRules = (
			);
			dependencies = (
				6EC657B221ED4F82003BF9DC /* PBXTargetDependency */,
			);
			name = FlixTests;
			productName = FlixTests;
			productReference = 6EC657B021ED4F82003BF9DC /* FlixTests.xctest */;
			productType = "com.apple.product-type.bundle.unit-test";
		};
		6EC657BA21ED4F82003BF9DC /* FlixUITests */ = {
			isa = PBXNativeTarget;
			buildConfigurationList = 6EC657CA21ED4F82003BF9DC /* Build configuration list for PBXNativeTarget "FlixUITests" */;
			buildPhases = (
				6EC657B721ED4F82003BF9DC /* Sources */,
				6EC657B821ED4F82003BF9DC /* Frameworks */,
				6EC657B921ED4F82003BF9DC /* Resources */,
			);
			buildRules = (
			);
			dependencies = (
				6EC657BD21ED4F82003BF9DC /* PBXTargetDependency */,
			);
			name = FlixUITests;
			productName = FlixUITests;
			productReference = 6EC657BB21ED4F82003BF9DC /* FlixUITests.xctest */;
			productType = "com.apple.product-type.bundle.ui-testing";
		};
/* End PBXNativeTarget section */

/* Begin PBXProject section */
		6EC6579421ED4F80003BF9DC /* Project object */ = {
			isa = PBXProject;
			attributes = {
				LastSwiftUpdateCheck = 1010;
				LastUpgradeCheck = 1010;
				ORGANIZATIONNAME = "Ryan Sullivan";
				TargetAttributes = {
					6EC6579B21ED4F80003BF9DC = {
						CreatedOnToolsVersion = 10.1;
					};
					6EC657AF21ED4F82003BF9DC = {
						CreatedOnToolsVersion = 10.1;
						TestTargetID = 6EC6579B21ED4F80003BF9DC;
					};
					6EC657BA21ED4F82003BF9DC = {
						CreatedOnToolsVersion = 10.1;
						TestTargetID = 6EC6579B21ED4F80003BF9DC;
					};
				};
			};
			buildConfigurationList = 6EC6579721ED4F80003BF9DC /* Build configuration list for PBXProject "Flix" */;
			compatibilityVersion = "Xcode 9.3";
			developmentRegion = en;
			hasScannedForEncodings = 0;
			knownRegions = (
				en,
				Base,
			);
			mainGroup = 6EC6579321ED4F80003BF9DC;
			productRefGroup = 6EC6579D21ED4F80003BF9DC /* Products */;
			projectDirPath = "";
			projectRoot = "";
			targets = (
				6EC6579B21ED4F80003BF9DC /* Flix */,
				6EC657AF21ED4F82003BF9DC /* FlixTests */,
				6EC657BA21ED4F82003BF9DC /* FlixUITests */,
			);
		};
/* End PBXProject section */

/* Begin PBXResourcesBuildPhase section */
		6EC6579A21ED4F80003BF9DC /* Resources */ = {
			isa = PBXResourcesBuildPhase;
			buildActionMask = 2147483647;
			files = (
				6EC657AA21ED4F82003BF9DC /* LaunchScreen.storyboard in Resources */,
				6EC657A721ED4F82003BF9DC /* Assets.xcassets in Resources */,
				6EC657A521ED4F80003BF9DC /* Main.storyboard in Resources */,
			);
			runOnlyForDeploymentPostprocessing = 0;
		};
		6EC657AE21ED4F82003BF9DC /* Resources */ = {
			isa = PBXResourcesBuildPhase;
			buildActionMask = 2147483647;
			files = (
			);
			runOnlyForDeploymentPostprocessing = 0;
		};
		6EC657B921ED4F82003BF9DC /* Resources */ = {
			isa = PBXResourcesBuildPhase;
			buildActionMask = 2147483647;
			files = (
			);
			runOnlyForDeploymentPostprocessing = 0;
		};
/* End PBXResourcesBuildPhase section */

/* Begin PBXShellScriptBuildPhase section */
		6E4D20F221ED532900EC9558 /* ShellScript */ = {
			isa = PBXShellScriptBuildPhase;
			buildActionMask = 2147483647;
			files = (
			);
			inputFileListPaths = (
			);
			inputPaths = (
			);
			outputFileListPaths = (
			);
			outputPaths = (
			);
			runOnlyForDeploymentPostprocessing = 0;
			shellPath = /bin/sh;
			shellScript = "# Type a script or drag a script file from your workspace to insert its path.\nif which swiftlint >/dev/null; then\n    swiftlint\nelse\n    echo \"warning: SwiftLint not installed, download from https://github.com/realm/SwiftLint\"\nfi\n";
		};
		8895084C78B78EE048B1EB36 /* [CP] Check Pods Manifest.lock */ = {
			isa = PBXShellScriptBuildPhase;
			buildActionMask = 2147483647;
			files = (
			);
			inputPaths = (
				"${PODS_PODFILE_DIR_PATH}/Podfile.lock",
				"${PODS_ROOT}/Manifest.lock",
			);
			name = "[CP] Check Pods Manifest.lock";
			outputPaths = (
				"$(DERIVED_FILE_DIR)/Pods-Flix-checkManifestLockResult.txt",
			);
			runOnlyForDeploymentPostprocessing = 0;
			shellPath = /bin/sh;
			shellScript = "diff \"${PODS_PODFILE_DIR_PATH}/Podfile.lock\" \"${PODS_ROOT}/Manifest.lock\" > /dev/null\nif [ $? != 0 ] ; then\n    # print error to STDERR\n    echo \"error: The sandbox is not in sync with the Podfile.lock. Run 'pod install' or update your CocoaPods installation.\" >&2\n    exit 1\nfi\n# This output is used by Xcode 'outputs' to avoid re-running this script phase.\necho \"SUCCESS\" > \"${SCRIPT_OUTPUT_FILE_0}\"\n";
			showEnvVarsInLog = 0;
		};
/* End PBXShellScriptBuildPhase section */

/* Begin PBXSourcesBuildPhase section */
		6EC6579821ED4F80003BF9DC /* Sources */ = {
			isa = PBXSourcesBuildPhase;
			buildActionMask = 2147483647;
			files = (
				6E0EEE5021FE7E39002ED1EE /* MovieTrailerViewController.swift in Sources */,
				6E4D20F821ED5AED00EC9558 /* MovieTableViewCell.swift in Sources */,
				6E4D20F621ED5AE100EC9558 /* MovieTableViewController.swift in Sources */,
				6E4D20FC21ED777500EC9558 /* Movie.swift in Sources */,
				6E68A6BE21FBAF320048D570 /* MovieCollectionViewController.swift in Sources */,
				6E4D20F421ED545700EC9558 /* FlixAPIManager.swift in Sources */,
				6E4D20FA21ED5B0600EC9558 /* MovieDetailViewController.swift in Sources */,
				6EC657A021ED4F80003BF9DC /* AppDelegate.swift in Sources */,
				6E68A6C021FBAF530048D570 /* MovieCollectionViewCell.swift in Sources */,
			);
			runOnlyForDeploymentPostprocessing = 0;
		};
		6EC657AC21ED4F82003BF9DC /* Sources */ = {
			isa = PBXSourcesBuildPhase;
			buildActionMask = 2147483647;
			files = (
				6EC657B521ED4F82003BF9DC /* FlixTests.swift in Sources */,
			);
			runOnlyForDeploymentPostprocessing = 0;
		};
		6EC657B721ED4F82003BF9DC /* Sources */ = {
			isa = PBXSourcesBuildPhase;
			buildActionMask = 2147483647;
			files = (
				6EC657C021ED4F82003BF9DC /* FlixUITests.swift in Sources */,
			);
			runOnlyForDeploymentPostprocessing = 0;
		};
/* End PBXSourcesBuildPhase section */

/* Begin PBXTargetDependency section */
		6EC657B221ED4F82003BF9DC /* PBXTargetDependency */ = {
			isa = PBXTargetDependency;
			target = 6EC6579B21ED4F80003BF9DC /* Flix */;
			targetProxy = 6EC657B121ED4F82003BF9DC /* PBXContainerItemProxy */;
		};
		6EC657BD21ED4F82003BF9DC /* PBXTargetDependency */ = {
			isa = PBXTargetDependency;
			target = 6EC6579B21ED4F80003BF9DC /* Flix */;
			targetProxy = 6EC657BC21ED4F82003BF9DC /* PBXContainerItemProxy */;
		};
/* End PBXTargetDependency section */

/* Begin PBXVariantGroup section */
		6EC657A321ED4F80003BF9DC /* Main.storyboard */ = {
			isa = PBXVariantGroup;
			children = (
				6EC657A421ED4F80003BF9DC /* Base */,
			);
			name = Main.storyboard;
			sourceTree = "<group>";
		};
		6EC657A821ED4F82003BF9DC /* LaunchScreen.storyboard */ = {
			isa = PBXVariantGroup;
			children = (
				6EC657A921ED4F82003BF9DC /* Base */,
			);
			name = LaunchScreen.storyboard;
			sourceTree = "<group>";
		};
/* End PBXVariantGroup section */

/* Begin XCBuildConfiguration section */
		6EC657C221ED4F82003BF9DC /* Debug */ = {
			isa = XCBuildConfiguration;
			buildSettings = {
				ALWAYS_SEARCH_USER_PATHS = NO;
				CLANG_ANALYZER_NONNULL = YES;
				CLANG_ANALYZER_NUMBER_OBJECT_CONVERSION = YES_AGGRESSIVE;
				CLANG_CXX_LANGUAGE_STANDARD = "gnu++14";
				CLANG_CXX_LIBRARY = "libc++";
				CLANG_ENABLE_MODULES = YES;
				CLANG_ENABLE_OBJC_ARC = YES;
				CLANG_ENABLE_OBJC_WEAK = YES;
				CLANG_WARN_BLOCK_CAPTURE_AUTORELEASING = YES;
				CLANG_WARN_BOOL_CONVERSION = YES;
				CLANG_WARN_COMMA = YES;
				CLANG_WARN_CONSTANT_CONVERSION = YES;
				CLANG_WARN_DEPRECATED_OBJC_IMPLEMENTATIONS = YES;
				CLANG_WARN_DIRECT_OBJC_ISA_USAGE = YES_ERROR;
				CLANG_WARN_DOCUMENTATION_COMMENTS = YES;
				CLANG_WARN_EMPTY_BODY = YES;
				CLANG_WARN_ENUM_CONVERSION = YES;
				CLANG_WARN_INFINITE_RECURSION = YES;
				CLANG_WARN_INT_CONVERSION = YES;
				CLANG_WARN_NON_LITERAL_NULL_CONVERSION = YES;
				CLANG_WARN_OBJC_IMPLICIT_RETAIN_SELF = YES;
				CLANG_WARN_OBJC_LITERAL_CONVERSION = YES;
				CLANG_WARN_OBJC_ROOT_CLASS = YES_ERROR;
				CLANG_WARN_RANGE_LOOP_ANALYSIS = YES;
				CLANG_WARN_STRICT_PROTOTYPES = YES;
				CLANG_WARN_SUSPICIOUS_MOVE = YES;
				CLANG_WARN_UNGUARDED_AVAILABILITY = YES_AGGRESSIVE;
				CLANG_WARN_UNREACHABLE_CODE = YES;
				CLANG_WARN__DUPLICATE_METHOD_MATCH = YES;
				CODE_SIGN_IDENTITY = "iPhone Developer";
				COPY_PHASE_STRIP = NO;
				DEBUG_INFORMATION_FORMAT = dwarf;
				ENABLE_STRICT_OBJC_MSGSEND = YES;
				ENABLE_TESTABILITY = YES;
				GCC_C_LANGUAGE_STANDARD = gnu11;
				GCC_DYNAMIC_NO_PIC = NO;
				GCC_NO_COMMON_BLOCKS = YES;
				GCC_OPTIMIZATION_LEVEL = 0;
				GCC_PREPROCESSOR_DEFINITIONS = (
					"DEBUG=1",
					"$(inherited)",
				);
				GCC_WARN_64_TO_32_BIT_CONVERSION = YES;
				GCC_WARN_ABOUT_RETURN_TYPE = YES_ERROR;
				GCC_WARN_UNDECLARED_SELECTOR = YES;
				GCC_WARN_UNINITIALIZED_AUTOS = YES_AGGRESSIVE;
				GCC_WARN_UNUSED_FUNCTION = YES;
				GCC_WARN_UNUSED_VARIABLE = YES;
				IPHONEOS_DEPLOYMENT_TARGET = 12.1;
				MTL_ENABLE_DEBUG_INFO = INCLUDE_SOURCE;
				MTL_FAST_MATH = YES;
				ONLY_ACTIVE_ARCH = YES;
				SDKROOT = iphoneos;
				SWIFT_ACTIVE_COMPILATION_CONDITIONS = DEBUG;
				SWIFT_OPTIMIZATION_LEVEL = "-Onone";
			};
			name = Debug;
		};
		6EC657C321ED4F82003BF9DC /* Release */ = {
			isa = XCBuildConfiguration;
			buildSettings = {
				ALWAYS_SEARCH_USER_PATHS = NO;
				CLANG_ANALYZER_NONNULL = YES;
				CLANG_ANALYZER_NUMBER_OBJECT_CONVERSION = YES_AGGRESSIVE;
				CLANG_CXX_LANGUAGE_STANDARD = "gnu++14";
				CLANG_CXX_LIBRARY = "libc++";
				CLANG_ENABLE_MODULES = YES;
				CLANG_ENABLE_OBJC_ARC = YES;
				CLANG_ENABLE_OBJC_WEAK = YES;
				CLANG_WARN_BLOCK_CAPTURE_AUTORELEASING = YES;
				CLANG_WARN_BOOL_CONVERSION = YES;
				CLANG_WARN_COMMA = YES;
				CLANG_WARN_CONSTANT_CONVERSION = YES;
				CLANG_WARN_DEPRECATED_OBJC_IMPLEMENTATIONS = YES;
				CLANG_WARN_DIRECT_OBJC_ISA_USAGE = YES_ERROR;
				CLANG_WARN_DOCUMENTATION_COMMENTS = YES;
				CLANG_WARN_EMPTY_BODY = YES;
				CLANG_WARN_ENUM_CONVERSION = YES;
				CLANG_WARN_INFINITE_RECURSION = YES;
				CLANG_WARN_INT_CONVERSION = YES;
				CLANG_WARN_NON_LITERAL_NULL_CONVERSION = YES;
				CLANG_WARN_OBJC_IMPLICIT_RETAIN_SELF = YES;
				CLANG_WARN_OBJC_LITERAL_CONVERSION = YES;
				CLANG_WARN_OBJC_ROOT_CLASS = YES_ERROR;
				CLANG_WARN_RANGE_LOOP_ANALYSIS = YES;
				CLANG_WARN_STRICT_PROTOTYPES = YES;
				CLANG_WARN_SUSPICIOUS_MOVE = YES;
				CLANG_WARN_UNGUARDED_AVAILABILITY = YES_AGGRESSIVE;
				CLANG_WARN_UNREACHABLE_CODE = YES;
				CLANG_WARN__DUPLICATE_METHOD_MATCH = YES;
				CODE_SIGN_IDENTITY = "iPhone Developer";
				COPY_PHASE_STRIP = NO;
				DEBUG_INFORMATION_FORMAT = "dwarf-with-dsym";
				ENABLE_NS_ASSERTIONS = NO;
				ENABLE_STRICT_OBJC_MSGSEND = YES;
				GCC_C_LANGUAGE_STANDARD = gnu11;
				GCC_NO_COMMON_BLOCKS = YES;
				GCC_WARN_64_TO_32_BIT_CONVERSION = YES;
				GCC_WARN_ABOUT_RETURN_TYPE = YES_ERROR;
				GCC_WARN_UNDECLARED_SELECTOR = YES;
				GCC_WARN_UNINITIALIZED_AUTOS = YES_AGGRESSIVE;
				GCC_WARN_UNUSED_FUNCTION = YES;
				GCC_WARN_UNUSED_VARIABLE = YES;
				IPHONEOS_DEPLOYMENT_TARGET = 12.1;
				MTL_ENABLE_DEBUG_INFO = NO;
				MTL_FAST_MATH = YES;
				SDKROOT = iphoneos;
				SWIFT_COMPILATION_MODE = wholemodule;
				SWIFT_OPTIMIZATION_LEVEL = "-O";
				VALIDATE_PRODUCT = YES;
			};
			name = Release;
		};
		6EC657C521ED4F82003BF9DC /* Debug */ = {
			isa = XCBuildConfiguration;
			baseConfigurationReference = 0B5EF92B2FCD1E43C02F1A06 /* Pods-Flix.debug.xcconfig */;
			buildSettings = {
				ASSETCATALOG_COMPILER_APPICON_NAME = AppIcon;
				CODE_SIGN_STYLE = Automatic;
				DEVELOPMENT_TEAM = G54TLNA64K;
				INFOPLIST_FILE = Flix/Info.plist;
				LD_RUNPATH_SEARCH_PATHS = (
					"$(inherited)",
					"@executable_path/Frameworks",
				);
				PRODUCT_BUNDLE_IDENTIFIER = com.codepath.Flix;
				PRODUCT_NAME = "$(TARGET_NAME)";
				SWIFT_VERSION = 4.2;
				TARGETED_DEVICE_FAMILY = "1,2";
			};
			name = Debug;
		};
		6EC657C621ED4F82003BF9DC /* Release */ = {
			isa = XCBuildConfiguration;
			baseConfigurationReference = E6B0497D8D1EAE39EB97C0E2 /* Pods-Flix.release.xcconfig */;
			buildSettings = {
				ASSETCATALOG_COMPILER_APPICON_NAME = AppIcon;
				CODE_SIGN_STYLE = Automatic;
				DEVELOPMENT_TEAM = G54TLNA64K;
				INFOPLIST_FILE = Flix/Info.plist;
				LD_RUNPATH_SEARCH_PATHS = (
					"$(inherited)",
					"@executable_path/Frameworks",
				);
				PRODUCT_BUNDLE_IDENTIFIER = com.codepath.Flix;
				PRODUCT_NAME = "$(TARGET_NAME)";
				SWIFT_VERSION = 4.2;
				TARGETED_DEVICE_FAMILY = "1,2";
			};
			name = Release;
		};
		6EC657C821ED4F82003BF9DC /* Debug */ = {
			isa = XCBuildConfiguration;
			buildSettings = {
				ALWAYS_EMBED_SWIFT_STANDARD_LIBRARIES = YES;
				BUNDLE_LOADER = "$(TEST_HOST)";
				CODE_SIGN_STYLE = Automatic;
				DEVELOPMENT_TEAM = G54TLNA64K;
				INFOPLIST_FILE = FlixTests/Info.plist;
				LD_RUNPATH_SEARCH_PATHS = (
					"$(inherited)",
					"@executable_path/Frameworks",
					"@loader_path/Frameworks",
				);
				PRODUCT_BUNDLE_IDENTIFIER = com.codepath.FlixTests;
				PRODUCT_NAME = "$(TARGET_NAME)";
				SWIFT_VERSION = 4.2;
				TARGETED_DEVICE_FAMILY = "1,2";
				TEST_HOST = "$(BUILT_PRODUCTS_DIR)/Flix.app/Flix";
			};
			name = Debug;
		};
		6EC657C921ED4F82003BF9DC /* Release */ = {
			isa = XCBuildConfiguration;
			buildSettings = {
				ALWAYS_EMBED_SWIFT_STANDARD_LIBRARIES = YES;
				BUNDLE_LOADER = "$(TEST_HOST)";
				CODE_SIGN_STYLE = Automatic;
				DEVELOPMENT_TEAM = G54TLNA64K;
				INFOPLIST_FILE = FlixTests/Info.plist;
				LD_RUNPATH_SEARCH_PATHS = (
					"$(inherited)",
					"@executable_path/Frameworks",
					"@loader_path/Frameworks",
				);
				PRODUCT_BUNDLE_IDENTIFIER = com.codepath.FlixTests;
				PRODUCT_NAME = "$(TARGET_NAME)";
				SWIFT_VERSION = 4.2;
				TARGETED_DEVICE_FAMILY = "1,2";
				TEST_HOST = "$(BUILT_PRODUCTS_DIR)/Flix.app/Flix";
			};
			name = Release;
		};
		6EC657CB21ED4F82003BF9DC /* Debug */ = {
			isa = XCBuildConfiguration;
			buildSettings = {
				ALWAYS_EMBED_SWIFT_STANDARD_LIBRARIES = YES;
				CODE_SIGN_STYLE = Automatic;
				DEVELOPMENT_TEAM = G54TLNA64K;
				INFOPLIST_FILE = FlixUITests/Info.plist;
				LD_RUNPATH_SEARCH_PATHS = (
					"$(inherited)",
					"@executable_path/Frameworks",
					"@loader_path/Frameworks",
				);
				PRODUCT_BUNDLE_IDENTIFIER = com.codepath.FlixUITests;
				PRODUCT_NAME = "$(TARGET_NAME)";
				SWIFT_VERSION = 4.2;
				TARGETED_DEVICE_FAMILY = "1,2";
				TEST_TARGET_NAME = Flix;
			};
			name = Debug;
		};
		6EC657CC21ED4F82003BF9DC /* Release */ = {
			isa = XCBuildConfiguration;
			buildSettings = {
				ALWAYS_EMBED_SWIFT_STANDARD_LIBRARIES = YES;
				CODE_SIGN_STYLE = Automatic;
				DEVELOPMENT_TEAM = G54TLNA64K;
				INFOPLIST_FILE = FlixUITests/Info.plist;
				LD_RUNPATH_SEARCH_PATHS = (
					"$(inherited)",
					"@executable_path/Frameworks",
					"@loader_path/Frameworks",
				);
				PRODUCT_BUNDLE_IDENTIFIER = com.codepath.FlixUITests;
				PRODUCT_NAME = "$(TARGET_NAME)";
				SWIFT_VERSION = 4.2;
				TARGETED_DEVICE_FAMILY = "1,2";
				TEST_TARGET_NAME = Flix;
			};
			name = Release;
		};
/* End XCBuildConfiguration section */

/* Begin XCConfigurationList section */
		6EC6579721ED4F80003BF9DC /* Build configuration list for PBXProject "Flix" */ = {
			isa = XCConfigurationList;
			buildConfigurations = (
				6EC657C221ED4F82003BF9DC /* Debug */,
				6EC657C321ED4F82003BF9DC /* Release */,
			);
			defaultConfigurationIsVisible = 0;
			defaultConfigurationName = Release;
		};
		6EC657C421ED4F82003BF9DC /* Build configuration list for PBXNativeTarget "Flix" */ = {
			isa = XCConfigurationList;
			buildConfigurations = (
				6EC657C521ED4F82003BF9DC /* Debug */,
				6EC657C621ED4F82003BF9DC /* Release */,
			);
			defaultConfigurationIsVisible = 0;
			defaultConfigurationName = Release;
		};
		6EC657C721ED4F82003BF9DC /* Build configuration list for PBXNativeTarget "FlixTests" */ = {
			isa = XCConfigurationList;
			buildConfigurations = (
				6EC657C821ED4F82003BF9DC /* Debug */,
				6EC657C921ED4F82003BF9DC /* Release */,
			);
			defaultConfigurationIsVisible = 0;
			defaultConfigurationName = Release;
		};
		6EC657CA21ED4F82003BF9DC /* Build configuration list for PBXNativeTarget "FlixUITests" */ = {
			isa = XCConfigurationList;
			buildConfigurations = (
				6EC657CB21ED4F82003BF9DC /* Debug */,
				6EC657CC21ED4F82003BF9DC /* Release */,
			);
			defaultConfigurationIsVisible = 0;
			defaultConfigurationName = Release;
		};
/* End XCConfigurationList section */
	};
	rootObject = 6EC6579421ED4F80003BF9DC /* Project object */;
}
